<?xml version="1.0" encoding="utf-8"?>
<Project ToolsVersion="4.0" xmlns="http://schemas.microsoft.com/developer/msbuild/2003">
  <ItemGroup>
    <Filter Include="Source Files">
      <UniqueIdentifier>{4FC737F1-C7A5-4376-A066-2A32D752A2FF}</UniqueIdentifier>
      <Extensions>cpp;c;cc;cxx;c++;cppm;ixx;def;odl;idl;hpj;bat;asm;asmx</Extensions>
    </Filter>
    <Filter Include="Header Files">
      <UniqueIdentifier>{93995380-89BD-4b04-88EB-625FBE52EBFB}</UniqueIdentifier>
      <Extensions>h;hh;hpp;hxx;h++;hm;inl;inc;ipp;xsd</Extensions>
    </Filter>
    <Filter Include="Resource Files">
      <UniqueIdentifier>{67DA6AB6-F800-4c08-8B7A-83BB121AAD01}</UniqueIdentifier>
      <Extensions>rc;ico;cur;bmp;dlg;rc2;rct;bin;rgs;gif;jpg;jpeg;jpe;resx;tiff;tif;png;wav;mfcribbon-ms</Extensions>
    </Filter>
    <Filter Include="Source Files\Tree">
      <UniqueIdentifier>{078197ee-2720-4db3-9307-fd44ec5b69ab}</UniqueIdentifier>
    </Filter>
    <Filter Include="Source Files\ReBuzz">
      <UniqueIdentifier>{9165c0c2-428b-4c34-8620-2dd9b6315e2c}</UniqueIdentifier>
    </Filter>
    <Filter Include="Header Files\ReBuzz">
      <UniqueIdentifier>{9d5e57bc-410c-4cef-9c58-6ae63a7a2902}</UniqueIdentifier>
    </Filter>
  </ItemGroup>
  <ItemGroup>
    <ClCompile Include="Buzz-PatternXP\PatEd.cpp">
      <Filter>Source Files</Filter>
    </ClCompile>
    <ClCompile Include="Buzz-PatternXP\ActionStack.cpp">
      <Filter>Source Files</Filter>
    </ClCompile>
    <ClCompile Include="Buzz-PatternXP\App.cpp">
      <Filter>Source Files</Filter>
    </ClCompile>
    <ClCompile Include="Buzz-PatternXP\ColumnDialog.cpp">
      <Filter>Source Files</Filter>
    </ClCompile>
    <ClCompile Include="Buzz-PatternXP\ScrollWnd.cpp">
      <Filter>Source Files</Filter>
    </ClCompile>
    <ClCompile Include="Buzz-PatternXP\tree\XHtmlTree.cpp">
      <Filter>Source Files\Tree</Filter>
    </ClCompile>
    <ClCompile Include="Buzz-PatternXP\EmptyWnd.cpp">
      <Filter>Source Files</Filter>
    </ClCompile>
    <ClCompile Include="Buzz-PatternXP\RowNumWnd.cpp">
      <Filter>Source Files</Filter>
    </ClCompile>
    <ClCompile Include="Buzz-PatternXP\TopWnd.cpp">
      <Filter>Source Files</Filter>
    </ClCompile>
    <ClCompile Include="Buzz-PatternXP\ToolBar2.cpp">
      <Filter>Source Files</Filter>
    </ClCompile>
    <ClCompile Include="Buzz-PatternXP\tree\CreateCheckboxImageList.cpp">
      <Filter>Source Files\Tree</Filter>
    </ClCompile>
    <ClCompile Include="Buzz-PatternXP\tree\VisualStylesXP.cpp">
      <Filter>Source Files\Tree</Filter>
    </ClCompile>
    <ClCompile Include="Buzz-PatternXP\XMemDC.cpp">
      <Filter>Source Files</Filter>
    </ClCompile>
    <ClCompile Include="Buzz-PatternXP\ChordExpert.cpp">
      <Filter>Source Files</Filter>
    </ClCompile>
    <ClCompile Include="Buzz-PatternXP\ChordsProgression.cpp">
      <Filter>Source Files</Filter>
    </ClCompile>
    <ClCompile Include="EditorWnd.cpp">
      <Filter>Source Files</Filter>
    </ClCompile>
    <ClCompile Include="Buzz-PatternXP\INI.cpp">
      <Filter>Source Files</Filter>
    </ClCompile>
    <ClCompile Include="MinMaxLimiter.cpp">
      <Filter>Source Files</Filter>
    </ClCompile>
    <ClCompile Include="Buzz-PatternXP\Parameters.cpp">
      <Filter>Source Files</Filter>
    </ClCompile>
    <ClCompile Include="Buzz-PatternXP\SaveArpeggio.cpp">
      <Filter>Source Files</Filter>
    </ClCompile>
    <ClCompile Include="Buzz-PatternXP\TonalDlg.cpp">
      <Filter>Source Files</Filter>
    </ClCompile>
    <ClCompile Include="ReBuzzPatternXPMod.cpp">
      <Filter>Source Files\ReBuzz</Filter>
    </ClCompile>
  </ItemGroup>
  <ItemGroup>
    <ClInclude Include="Buzz-PatternXP\ActionStack.h">
      <Filter>Header Files</Filter>
    </ClInclude>
    <ClInclude Include="Buzz-PatternXP\App.h">
      <Filter>Header Files</Filter>
    </ClInclude>
    <ClInclude Include="Buzz-PatternXP\ColumnDialog.h">
      <Filter>Header Files</Filter>
    </ClInclude>
    <ClInclude Include="Buzz-PatternXP\CursorPos.h">
      <Filter>Header Files</Filter>
    </ClInclude>
    <ClInclude Include="Buzz-PatternXP\EditorWnd.h">
      <Filter>Header Files</Filter>
    </ClInclude>
    <ClInclude Include="Buzz-PatternXP\EmptyWnd.h">
      <Filter>Header Files</Filter>
    </ClInclude>
    <ClInclude Include="Buzz-PatternXP\FuBar.h">
      <Filter>Header Files</Filter>
    </ClInclude>
    <ClInclude Include="Buzz-PatternXP\ImageList.h">
      <Filter>Header Files</Filter>
    </ClInclude>
    <ClInclude Include="Buzz-PatternXP\MachinePattern.h">
      <Filter>Header Files</Filter>
    </ClInclude>
    <ClInclude Include="Buzz-PatternXP\PatEd.h">
      <Filter>Header Files</Filter>
    </ClInclude>
    <ClInclude Include="Buzz-PatternXP\PatEdClipboard.h">
      <Filter>Header Files</Filter>
    </ClInclude>
    <ClInclude Include="Buzz-PatternXP\resource.h">
      <Filter>Header Files</Filter>
    </ClInclude>
    <ClInclude Include="Buzz-PatternXP\RowNumWnd.h">
      <Filter>Header Files</Filter>
    </ClInclude>
    <ClInclude Include="Buzz-PatternXP\ScrollWnd.h">
      <Filter>Header Files</Filter>
    </ClInclude>
    <ClInclude Include="Buzz-PatternXP\stdafx.h">
      <Filter>Header Files</Filter>
    </ClInclude>
    <ClInclude Include="Buzz-PatternXP\ToolBar2.h">
      <Filter>Header Files</Filter>
    </ClInclude>
    <ClInclude Include="Buzz-PatternXP\TopWnd.h">
      <Filter>Header Files</Filter>
    </ClInclude>
    <ClInclude Include="ReBuzzPatternXPMod.h">
      <Filter>Header Files</Filter>
    </ClInclude>
    <ClInclude Include="Buzz-PatternXP\ChordExpert.h">
      <Filter>Header Files</Filter>
    </ClInclude>
    <ClInclude Include="Buzz-PatternXP\ChordsProgression.h">
      <Filter>Header Files</Filter>
    </ClInclude>
    <ClInclude Include="Buzz-PatternXP\INI.h">
      <Filter>Header Files</Filter>
    </ClInclude>
    <ClInclude Include="MinMaxLimiter.h">
      <Filter>Header Files</Filter>
    </ClInclude>
    <ClInclude Include="Buzz-PatternXP\Parameters.h">
      <Filter>Header Files</Filter>
    </ClInclude>
    <ClInclude Include="Buzz-PatternXP\SaveArpeggio.h">
      <Filter>Header Files</Filter>
    </ClInclude>
    <ClInclude Include="Buzz-PatternXP\TonalDlg.h">
      <Filter>Header Files</Filter>
    </ClInclude>
  </ItemGroup>
  <ItemGroup>
    <Image Include="Buzz-PatternXP\toolbar1.bmp">
      <Filter>Resource Files</Filter>
    </Image>
    <Image Include="Buzz-PatternXP\treeimages.bmp">
      <Filter>Resource Files</Filter>
    </Image>
    <Image Include="Buzz-PatternXP\toolbar24.bmp">
      <Filter>Resource Files</Filter>
    </Image>
  </ItemGroup>
  <ItemGroup>
    <ResourceCompile Include="Buzz-PatternXP\PatternXP.rc">
      <Filter>Source Files</Filter>
    </ResourceCompile>
  </ItemGroup>
</Project>